
Microsoft Visual Studio Solution File, Format Version 12.00
# Visual Studio Version 17
VisualStudioVersion = 17.9.34723.18
MinimumVisualStudioVersion = 10.0.40219.1
Project("{9A19103F-16F7-4668-BE54-9A1E7A4F7556}") = "ModsenTestTask", "ModsenTestTask\ModsenTestTask.csproj", "{A41F74D7-7BE4-418E-8C36-82B119F20380}"
EndProject
Project("{9A19103F-16F7-4668-BE54-9A1E7A4F7556}") = "Entities", "DataAccess\Entities.csproj", "{5853568B-DCC4-4A72-BCD1-BD1786CDB56E}"
EndProject
Project("{9A19103F-16F7-4668-BE54-9A1E7A4F7556}") = "Contracts", "Contracts\Contracts.csproj", "{C3859AAD-A0D9-4AD5-9259-0F9B2E55A2B0}"
EndProject
Project("{9A19103F-16F7-4668-BE54-9A1E7A4F7556}") = "Repository", "Repository\Repository.csproj", "{54721795-4A1F-4AAF-98C1-EBB738DAF79B}"
EndProject
Project("{FAE04EC0-301F-11D3-BF4B-00C04F79EFBC}") = "LoggerService", "LoggerService\LoggerService.csproj", "{306213FE-C286-4939-9F0B-FD8B055B6B3F}"
EndProject
Global
	GlobalSection(SolutionConfigurationPlatforms) = preSolution
		Debug|Any CPU = Debug|Any CPU
		Release|Any CPU = Release|Any CPU
	EndGlobalSection
	GlobalSection(ProjectConfigurationPlatforms) = postSolution
		{A41F74D7-7BE4-418E-8C36-82B119F20380}.Debug|Any CPU.ActiveCfg = Debug|Any CPU
		{A41F74D7-7BE4-418E-8C36-82B119F20380}.Debug|Any CPU.Build.0 = Debug|Any CPU
		{A41F74D7-7BE4-418E-8C36-82B119F20380}.Release|Any CPU.ActiveCfg = Release|Any CPU
		{A41F74D7-7BE4-418E-8C36-82B119F20380}.Release|Any CPU.Build.0 = Release|Any CPU
		{5853568B-DCC4-4A72-BCD1-BD1786CDB56E}.Debug|Any CPU.ActiveCfg = Debug|Any CPU
		{5853568B-DCC4-4A72-BCD1-BD1786CDB56E}.Debug|Any CPU.Build.0 = Debug|Any CPU
		{5853568B-DCC4-4A72-BCD1-BD1786CDB56E}.Release|Any CPU.ActiveCfg = Release|Any CPU
		{5853568B-DCC4-4A72-BCD1-BD1786CDB56E}.Release|Any CPU.Build.0 = Release|Any CPU
		{C3859AAD-A0D9-4AD5-9259-0F9B2E55A2B0}.Debug|Any CPU.ActiveCfg = Debug|Any CPU
		{C3859AAD-A0D9-4AD5-9259-0F9B2E55A2B0}.Debug|Any CPU.Build.0 = Debug|Any CPU
		{C3859AAD-A0D9-4AD5-9259-0F9B2E55A2B0}.Release|Any CPU.ActiveCfg = Release|Any CPU
		{C3859AAD-A0D9-4AD5-9259-0F9B2E55A2B0}.Release|Any CPU.Build.0 = Release|Any CPU
		{54721795-4A1F-4AAF-98C1-EBB738DAF79B}.Debug|Any CPU.ActiveCfg = Debug|Any CPU
		{54721795-4A1F-4AAF-98C1-EBB738DAF79B}.Debug|Any CPU.Build.0 = Debug|Any CPU
		{54721795-4A1F-4AAF-98C1-EBB738DAF79B}.Release|Any CPU.ActiveCfg = Release|Any CPU
		{54721795-4A1F-4AAF-98C1-EBB738DAF79B}.Release|Any CPU.Build.0 = Release|Any CPU
		{306213FE-C286-4939-9F0B-FD8B055B6B3F}.Debug|Any CPU.ActiveCfg = Debug|Any CPU
		{306213FE-C286-4939-9F0B-FD8B055B6B3F}.Debug|Any CPU.Build.0 = Debug|Any CPU
		{306213FE-C286-4939-9F0B-FD8B055B6B3F}.Release|Any CPU.ActiveCfg = Release|Any CPU
		{306213FE-C286-4939-9F0B-FD8B055B6B3F}.Release|Any CPU.Build.0 = Release|Any CPU
	EndGlobalSection
	GlobalSection(SolutionProperties) = preSolution
		HideSolutionNode = FALSE
	EndGlobalSection
	GlobalSection(ExtensibilityGlobals) = postSolution
		SolutionGuid = {7DE9D497-255F-4F9B-90B0-4730049EC36C}
	EndGlobalSection
EndGlobal
